
Microsoft Visual Studio Solution File, Format Version 12.00
# Visual Studio Version 17
VisualStudioVersion = 17.10.35027.167
MinimumVisualStudioVersion = 10.0.40219.1
Project("{9A19103F-16F7-4668-BE54-9A1E7A4F7556}") = "IOTDeviceSimulator", "IOTDeviceSimulator.csproj", "{BF21F73E-25F7-442B-892F-992FA64E1DD1}"
EndProject
Project("{9A19103F-16F7-4668-BE54-9A1E7A4F7556}") = "IoTClassLibrary", "..\IoTClassLibrary\IoTClassLibrary.csproj", "{1F1B338A-6473-46DD-9A4A-C086A5811A2B}"
EndProject
Project("{9A19103F-16F7-4668-BE54-9A1E7A4F7556}") = "IOTDeviceSimulator.Tests", "..\TestProject1\IOTDeviceSimulator.Tests.csproj", "{5719311C-A808-465E-A96E-8BAF39EC7112}"
EndProject
Global
	GlobalSection(SolutionConfigurationPlatforms) = preSolution
		Debug|Any CPU = Debug|Any CPU
		Release|Any CPU = Release|Any CPU
	EndGlobalSection
	GlobalSection(ProjectConfigurationPlatforms) = postSolution
		{BF21F73E-25F7-442B-892F-992FA64E1DD1}.Debug|Any CPU.ActiveCfg = Debug|Any CPU
		{BF21F73E-25F7-442B-892F-992FA64E1DD1}.Debug|Any CPU.Build.0 = Debug|Any CPU
		{BF21F73E-25F7-442B-892F-992FA64E1DD1}.Release|Any CPU.ActiveCfg = Release|Any CPU
		{BF21F73E-25F7-442B-892F-992FA64E1DD1}.Release|Any CPU.Build.0 = Release|Any CPU
		{1F1B338A-6473-46DD-9A4A-C086A5811A2B}.Debug|Any CPU.ActiveCfg = Debug|Any CPU
		{1F1B338A-6473-46DD-9A4A-C086A5811A2B}.Debug|Any CPU.Build.0 = Debug|Any CPU
		{1F1B338A-6473-46DD-9A4A-C086A5811A2B}.Release|Any CPU.ActiveCfg = Release|Any CPU
		{1F1B338A-6473-46DD-9A4A-C086A5811A2B}.Release|Any CPU.Build.0 = Release|Any CPU
		{5719311C-A808-465E-A96E-8BAF39EC7112}.Debug|Any CPU.ActiveCfg = Debug|Any CPU
		{5719311C-A808-465E-A96E-8BAF39EC7112}.Debug|Any CPU.Build.0 = Debug|Any CPU
		{5719311C-A808-465E-A96E-8BAF39EC7112}.Release|Any CPU.ActiveCfg = Release|Any CPU
		{5719311C-A808-465E-A96E-8BAF39EC7112}.Release|Any CPU.Build.0 = Release|Any CPU
	EndGlobalSection
	GlobalSection(SolutionProperties) = preSolution
		HideSolutionNode = FALSE
	EndGlobalSection
	GlobalSection(ExtensibilityGlobals) = postSolution
		SolutionGuid = {4D7BC797-2CC3-405D-8980-2621454C91B4}
	EndGlobalSection
EndGlobal
